{
  "name": "oauth-koa-client",
  "version": "1.0.0",
  "lockfileVersion": 1,
  "requires": true,
  "dependencies": {
    "accepts": {
      "version": "https://registry.npmjs.org/accepts/-/accepts-1.3.4.tgz",
      "integrity": "sha1-hiRnWMfdbSGmR0/whKR0DsBesh8=",
      "requires": {
        "mime-types": "https://registry.npmjs.org/mime-types/-/mime-types-2.1.17.tgz",
        "negotiator": "https://registry.npmjs.org/negotiator/-/negotiator-0.6.1.tgz"
      }
    },
    "any-promise": {
      "version": "https://registry.npmjs.org/any-promise/-/any-promise-1.3.0.tgz",
      "integrity": "sha1-q8av7tzqUugJzcA3au0845Y10X8="
    },
    "array-flatten": {
      "version": "https://registry.npmjs.org/array-flatten/-/array-flatten-1.1.1.tgz",
      "integrity": "sha1-ml9pkFGx5wczKPKgCJaLZOopVdI="
    },
    "bytes": {
      "version": "https://registry.npmjs.org/bytes/-/bytes-3.0.0.tgz",
      "integrity": "sha1-0ygVQE1olpn4Wk6k+odV3ROpYEg="
    },
    "co": {
      "version": "https://registry.npmjs.org/co/-/co-4.6.0.tgz",
      "integrity": "sha1-bqa989hTrlTMuOR7+gvz+QMfsYQ="
    },
    "co-body": {
      "version": "https://registry.npmjs.org/co-body/-/co-body-5.1.1.tgz",
      "integrity": "sha1-2XeB0eM0S6SoIP0YBr3fg0FQUjY=",
      "requires": {
        "inflation": "https://registry.npmjs.org/inflation/-/inflation-2.0.0.tgz",
        "qs": "https://registry.npmjs.org/qs/-/qs-6.5.0.tgz",
        "raw-body": "https://registry.npmjs.org/raw-body/-/raw-body-2.3.2.tgz",
        "type-is": "https://registry.npmjs.org/type-is/-/type-is-1.6.15.tgz"
      }
    },
    "content-disposition": {
      "version": "https://registry.npmjs.org/content-disposition/-/content-disposition-0.5.2.tgz",
      "integrity": "sha1-DPaLud318r55YcOoUXjLhdunjLQ="
    },
    "content-type": {
      "version": "https://registry.npmjs.org/content-type/-/content-type-1.0.2.tgz",
      "integrity": "sha1-t9ETrueo3Se9IRM8TcJSnfFyHu0="
    },
    "cookie": {
      "version": "https://registry.npmjs.org/cookie/-/cookie-0.3.1.tgz",
      "integrity": "sha1-5+Ch+e9DtMi6klxcWpboBtFoc7s="
    },
    "cookie-signature": {
      "version": "https://registry.npmjs.org/cookie-signature/-/cookie-signature-1.0.6.tgz",
      "integrity": "sha1-4wOogrNCzD7oylE6eZmXNNqzriw="
    },
    "cookies": {
      "version": "https://registry.npmjs.org/cookies/-/cookies-0.7.1.tgz",
      "integrity": "sha1-fIphX1SBxhq58WyDNzG8uPZjuZs=",
      "requires": {
        "depd": "https://registry.npmjs.org/depd/-/depd-1.1.1.tgz",
        "keygrip": "https://registry.npmjs.org/keygrip/-/keygrip-1.0.2.tgz"
      }
    },
    "copy-to": {
      "version": "https://registry.npmjs.org/copy-to/-/copy-to-2.0.1.tgz",
      "integrity": "sha1-JoD7uAaKSNCGVrYJgJK9r8kG9KU="
    },
    "core-util-is": {
      "version": "https://registry.npmjs.org/core-util-is/-/core-util-is-1.0.2.tgz",
      "integrity": "sha1-tf1UIgqivFq1eqtxQMlAdUUDwac="
    },
    "crc": {
      "version": "https://registry.npmjs.org/crc/-/crc-3.4.4.tgz",
      "integrity": "sha1-naHpgOO9RPxck79as9ozeNheRms="
    },
    "debug": {
      "version": "https://registry.npmjs.org/debug/-/debug-2.6.8.tgz",
      "integrity": "sha1-5zFTHKLt4n0YgiJCfaF4IdaP9Pw=",
      "requires": {
        "ms": "https://registry.npmjs.org/ms/-/ms-2.0.0.tgz"
      }
    },
    "deep-equal": {
      "version": "https://registry.npmjs.org/deep-equal/-/deep-equal-1.0.1.tgz",
      "integrity": "sha1-9dJgKStmDghO/0zbyfCK0yR0SLU="
    },
    "delegates": {
      "version": "https://registry.npmjs.org/delegates/-/delegates-1.0.0.tgz",
      "integrity": "sha1-hMbhWbgZBP3KWaDvRM2HDTElD5o="
    },
    "depd": {
      "version": "https://registry.npmjs.org/depd/-/depd-1.1.1.tgz",
      "integrity": "sha1-V4O04cRZ8G+lyif5kfPQbnoxA1k="
    },
    "destroy": {
      "version": "https://registry.npmjs.org/destroy/-/destroy-1.0.4.tgz",
      "integrity": "sha1-l4hXRCxEdJ5CBmE+N5RiBYJqvYA="
    },
    "ee-first": {
      "version": "https://registry.npmjs.org/ee-first/-/ee-first-1.1.1.tgz",
      "integrity": "sha1-WQxhFWsK4vTwJVcyoViyZrxWsh0="
    },
    "encodeurl": {
      "version": "https://registry.npmjs.org/encodeurl/-/encodeurl-1.0.1.tgz",
      "integrity": "sha1-eePVhlU0aQn+bw9Fpd5oEDspTSA="
    },
    "error-inject": {
      "version": "https://registry.npmjs.org/error-inject/-/error-inject-1.0.0.tgz",
      "integrity": "sha1-4rPZG1Su1nLzCdlQ0VSFD6EdTzc="
    },
    "escape-html": {
      "version": "https://registry.npmjs.org/escape-html/-/escape-html-1.0.3.tgz",
      "integrity": "sha1-Aljq5NPQwJdN4cFpGI7wBR0dGYg="
    },
    "etag": {
      "version": "https://registry.npmjs.org/etag/-/etag-1.8.0.tgz",
      "integrity": "sha1-b2Ma7zNtbEY2K1F2QETOIWvjwFE="
    },
    "express": {
      "version": "https://registry.npmjs.org/express/-/express-4.15.4.tgz",
      "integrity": "sha1-Ay4iU0ic+PzgJma+yj0R7XotrtE=",
      "requires": {
        "accepts": "https://registry.npmjs.org/accepts/-/accepts-1.3.4.tgz",
        "array-flatten": "https://registry.npmjs.org/array-flatten/-/array-flatten-1.1.1.tgz",
        "content-disposition": "https://registry.npmjs.org/content-disposition/-/content-disposition-0.5.2.tgz",
        "content-type": "https://registry.npmjs.org/content-type/-/content-type-1.0.2.tgz",
        "cookie": "https://registry.npmjs.org/cookie/-/cookie-0.3.1.tgz",
        "cookie-signature": "https://registry.npmjs.org/cookie-signature/-/cookie-signature-1.0.6.tgz",
        "debug": "https://registry.npmjs.org/debug/-/debug-2.6.8.tgz",
        "depd": "https://registry.npmjs.org/depd/-/depd-1.1.1.tgz",
        "encodeurl": "https://registry.npmjs.org/encodeurl/-/encodeurl-1.0.1.tgz",
        "escape-html": "https://registry.npmjs.org/escape-html/-/escape-html-1.0.3.tgz",
        "etag": "https://registry.npmjs.org/etag/-/etag-1.8.0.tgz",
        "finalhandler": "https://registry.npmjs.org/finalhandler/-/finalhandler-1.0.4.tgz",
        "fresh": "https://registry.npmjs.org/fresh/-/fresh-0.5.0.tgz",
        "merge-descriptors": "https://registry.npmjs.org/merge-descriptors/-/merge-descriptors-1.0.1.tgz",
        "methods": "https://registry.npmjs.org/methods/-/methods-1.1.2.tgz",
        "on-finished": "https://registry.npmjs.org/on-finished/-/on-finished-2.3.0.tgz",
        "parseurl": "https://registry.npmjs.org/parseurl/-/parseurl-1.3.1.tgz",
        "path-to-regexp": "https://registry.npmjs.org/path-to-regexp/-/path-to-regexp-0.1.7.tgz",
        "proxy-addr": "https://registry.npmjs.org/proxy-addr/-/proxy-addr-1.1.5.tgz",
        "qs": "https://registry.npmjs.org/qs/-/qs-6.5.0.tgz",
        "range-parser": "https://registry.npmjs.org/range-parser/-/range-parser-1.2.0.tgz",
        "send": "https://registry.npmjs.org/send/-/send-0.15.4.tgz",
        "serve-static": "https://registry.npmjs.org/serve-static/-/serve-static-1.12.4.tgz",
        "setprototypeof": "https://registry.npmjs.org/setprototypeof/-/setprototypeof-1.0.3.tgz",
        "statuses": "https://registry.npmjs.org/statuses/-/statuses-1.3.1.tgz",
        "type-is": "https://registry.npmjs.org/type-is/-/type-is-1.6.15.tgz",
        "utils-merge": "https://registry.npmjs.org/utils-merge/-/utils-merge-1.0.0.tgz",
        "vary": "https://registry.npmjs.org/vary/-/vary-1.1.1.tgz"
      }
    },
    "express-session": {
      "version": "1.15.6",
      "resolved": "https://registry.npmjs.org/express-session/-/express-session-1.15.6.tgz",
      "integrity": "sha512-r0nrHTCYtAMrFwZ0kBzZEXa1vtPVrw0dKvGSrKP4dahwBQ1BJpF2/y1Pp4sCD/0kvxV4zZeclyvfmw0B4RMJQA==",
      "requires": {
        "cookie": "https://registry.npmjs.org/cookie/-/cookie-0.3.1.tgz",
        "cookie-signature": "https://registry.npmjs.org/cookie-signature/-/cookie-signature-1.0.6.tgz",
        "crc": "https://registry.npmjs.org/crc/-/crc-3.4.4.tgz",
        "debug": "2.6.9",
        "depd": "https://registry.npmjs.org/depd/-/depd-1.1.1.tgz",
        "on-headers": "1.0.1",
        "parseurl": "1.3.2",
        "uid-safe": "https://registry.npmjs.org/uid-safe/-/uid-safe-2.1.5.tgz",
        "utils-merge": "1.0.1"
      },
      "dependencies": {
        "debug": {
          "version": "2.6.9",
          "resolved": "https://registry.npmjs.org/debug/-/debug-2.6.9.tgz",
          "integrity": "sha512-bC7ElrdJaJnPbAP+1EotYvqZsb3ecl5wi6Bfi6BJTUcNowp6cvspg0jXznRTKDjm/E7AdgFBVeAPVMNcKGsHMA==",
          "requires": {
            "ms": "https://registry.npmjs.org/ms/-/ms-2.0.0.tgz"
          }
        },
        "parseurl": {
          "version": "1.3.2",
          "resolved": "https://registry.npmjs.org/parseurl/-/parseurl-1.3.2.tgz",
          "integrity": "sha1-/CidTtiZMRlGDBViUyYs3I3mW/M="
        },
        "utils-merge": {
          "version": "1.0.1",
          "resolved": "https://registry.npmjs.org/utils-merge/-/utils-merge-1.0.1.tgz",
          "integrity": "sha1-n5VxD1CiZ5R7LMwSR0HBAoQn5xM="
        }
      }
    },
    "finalhandler": {
      "version": "https://registry.npmjs.org/finalhandler/-/finalhandler-1.0.4.tgz",
      "integrity": "sha1-GFdPLnxLmLiuOyMMIfIB8xvbP7c=",
      "requires": {
        "debug": "https://registry.npmjs.org/debug/-/debug-2.6.8.tgz",
        "encodeurl": "https://registry.npmjs.org/encodeurl/-/encodeurl-1.0.1.tgz",
        "escape-html": "https://registry.npmjs.org/escape-html/-/escape-html-1.0.3.tgz",
        "on-finished": "https://registry.npmjs.org/on-finished/-/on-finished-2.3.0.tgz",
        "parseurl": "https://registry.npmjs.org/parseurl/-/parseurl-1.3.1.tgz",
        "statuses": "https://registry.npmjs.org/statuses/-/statuses-1.3.1.tgz",
        "unpipe": "https://registry.npmjs.org/unpipe/-/unpipe-1.0.0.tgz"
      }
    },
    "forwarded": {
      "version": "https://registry.npmjs.org/forwarded/-/forwarded-0.1.0.tgz",
      "integrity": "sha1-Ge+YdMSuHCl7zweP3mOgm2aoQ2M="
    },
    "fresh": {
      "version": "https://registry.npmjs.org/fresh/-/fresh-0.5.0.tgz",
      "integrity": "sha1-9HTKXmqSRtb9jglTz6m5yAWvp44="
    },
    "http-assert": {
      "version": "https://registry.npmjs.org/http-assert/-/http-assert-1.3.0.tgz",
      "integrity": "sha1-oxpc+IyHPsu1eWkH1NbxMujAHko=",
      "requires": {
        "deep-equal": "https://registry.npmjs.org/deep-equal/-/deep-equal-1.0.1.tgz",
        "http-errors": "https://registry.npmjs.org/http-errors/-/http-errors-1.6.2.tgz"
      }
    },
    "http-errors": {
      "version": "https://registry.npmjs.org/http-errors/-/http-errors-1.6.2.tgz",
      "integrity": "sha1-CgAsyFcHGSp+eUbO7cERVfYOxzY=",
      "requires": {
        "depd": "https://registry.npmjs.org/depd/-/depd-1.1.1.tgz",
        "inherits": "https://registry.npmjs.org/inherits/-/inherits-2.0.3.tgz",
        "setprototypeof": "https://registry.npmjs.org/setprototypeof/-/setprototypeof-1.0.3.tgz",
        "statuses": "https://registry.npmjs.org/statuses/-/statuses-1.3.1.tgz"
      }
    },
    "https": {
      "version": "https://registry.npmjs.org/https/-/https-1.0.0.tgz",
      "integrity": "sha1-PDfHrhqO65ZpBKKtHpdaGUt+06Q="
    },
    "iconv-lite": {
      "version": "https://registry.npmjs.org/iconv-lite/-/iconv-lite-0.4.19.tgz",
      "integrity": "sha1-90aPYBNfXl2tM5nAqBvpoWA6CCs="
    },
    "inflation": {
      "version": "https://registry.npmjs.org/inflation/-/inflation-2.0.0.tgz",
      "integrity": "sha1-i0F+R8KPklpFEz2RTKH9OJEH8w8="
    },
    "inherits": {
      "version": "https://registry.npmjs.org/inherits/-/inherits-2.0.3.tgz",
      "integrity": "sha1-Yzwsg+PaQqUC9SRmAiSA9CCCYd4="
    },
    "ipaddr.js": {
      "version": "https://registry.npmjs.org/ipaddr.js/-/ipaddr.js-1.4.0.tgz",
      "integrity": "sha1-KWrKh4qCGBbluF0KKFqZvP9FgvA="
    },
    "is-class": {
      "version": "https://registry.npmjs.org/is-class/-/is-class-0.0.4.tgz",
      "integrity": "sha1-4FdFFwW7NOOePjNZjJOpg3KWtzY="
    },
    "is-generator-function": {
      "version": "https://registry.npmjs.org/is-generator-function/-/is-generator-function-1.0.6.tgz",
      "integrity": "sha1-nnFlPNFf/zQcecQVFGChMdMen8Q="
    },
    "is-type-of": {
      "version": "https://registry.npmjs.org/is-type-of/-/is-type-of-1.2.0.tgz",
      "integrity": "sha1-tVPLtGIa31tBceiIPzcOem7DiZU=",
      "requires": {
        "core-util-is": "https://registry.npmjs.org/core-util-is/-/core-util-is-1.0.2.tgz",
        "is-class": "https://registry.npmjs.org/is-class/-/is-class-0.0.4.tgz",
        "isstream": "https://registry.npmjs.org/isstream/-/isstream-0.1.2.tgz"
      }
    },
    "isstream": {
      "version": "https://registry.npmjs.org/isstream/-/isstream-0.1.2.tgz",
      "integrity": "sha1-R+Y/evVa+m+S4VAOaQ64uFKcCZo="
    },
    "keygrip": {
      "version": "https://registry.npmjs.org/keygrip/-/keygrip-1.0.2.tgz",
      "integrity": "sha1-rTKXxVcGneqLz+ek+kkbdcXd65E="
    },
    "koa": {
      "version": "https://registry.npmjs.org/koa/-/koa-2.3.0.tgz",
      "integrity": "sha1-nh6OTaQBg5xXuFJ+rcV/dhJ1Vac=",
      "requires": {
        "accepts": "https://registry.npmjs.org/accepts/-/accepts-1.3.4.tgz",
        "content-disposition": "https://registry.npmjs.org/content-disposition/-/content-disposition-0.5.2.tgz",
        "content-type": "https://registry.npmjs.org/content-type/-/content-type-1.0.2.tgz",
        "cookies": "https://registry.npmjs.org/cookies/-/cookies-0.7.1.tgz",
        "debug": "https://registry.npmjs.org/debug/-/debug-2.6.8.tgz",
        "delegates": "https://registry.npmjs.org/delegates/-/delegates-1.0.0.tgz",
        "depd": "https://registry.npmjs.org/depd/-/depd-1.1.1.tgz",
        "destroy": "https://registry.npmjs.org/destroy/-/destroy-1.0.4.tgz",
        "error-inject": "https://registry.npmjs.org/error-inject/-/error-inject-1.0.0.tgz",
        "escape-html": "https://registry.npmjs.org/escape-html/-/escape-html-1.0.3.tgz",
        "fresh": "https://registry.npmjs.org/fresh/-/fresh-0.5.0.tgz",
        "http-assert": "https://registry.npmjs.org/http-assert/-/http-assert-1.3.0.tgz",
        "http-errors": "https://registry.npmjs.org/http-errors/-/http-errors-1.6.2.tgz",
        "is-generator-function": "https://registry.npmjs.org/is-generator-function/-/is-generator-function-1.0.6.tgz",
        "koa-compose": "https://registry.npmjs.org/koa-compose/-/koa-compose-4.0.0.tgz",
        "koa-convert": "https://registry.npmjs.org/koa-convert/-/koa-convert-1.2.0.tgz",
        "koa-is-json": "https://registry.npmjs.org/koa-is-json/-/koa-is-json-1.0.0.tgz",
        "mime-types": "https://registry.npmjs.org/mime-types/-/mime-types-2.1.17.tgz",
        "on-finished": "https://registry.npmjs.org/on-finished/-/on-finished-2.3.0.tgz",
        "only": "https://registry.npmjs.org/only/-/only-0.0.2.tgz",
        "parseurl": "https://registry.npmjs.org/parseurl/-/parseurl-1.3.1.tgz",
        "statuses": "https://registry.npmjs.org/statuses/-/statuses-1.3.1.tgz",
        "type-is": "https://registry.npmjs.org/type-is/-/type-is-1.6.15.tgz",
        "vary": "https://registry.npmjs.org/vary/-/vary-1.1.1.tgz"
      }
    },
    "koa-bodyparser": {
      "version": "https://registry.npmjs.org/koa-bodyparser/-/koa-bodyparser-4.2.0.tgz",
      "integrity": "sha1-vObgi8Zfhwm20fqpQRx/DYk4qlQ=",
      "requires": {
        "co-body": "https://registry.npmjs.org/co-body/-/co-body-5.1.1.tgz",
        "copy-to": "https://registry.npmjs.org/copy-to/-/copy-to-2.0.1.tgz"
      }
    },
    "koa-compose": {
      "version": "https://registry.npmjs.org/koa-compose/-/koa-compose-4.0.0.tgz",
      "integrity": "sha1-KAClE9nDYe8NY4UrA45Pby1adzw="
    },
    "koa-convert": {
      "version": "https://registry.npmjs.org/koa-convert/-/koa-convert-1.2.0.tgz",
      "integrity": "sha1-2kCHXfSd4FOQmNFwC1CCDOvNIdA=",
      "requires": {
        "co": "https://registry.npmjs.org/co/-/co-4.6.0.tgz",
        "koa-compose": "https://registry.npmjs.org/koa-compose/-/koa-compose-3.2.1.tgz"
      },
      "dependencies": {
        "koa-compose": {
          "version": "https://registry.npmjs.org/koa-compose/-/koa-compose-3.2.1.tgz",
          "integrity": "sha1-qFzLQLfZhtjlo0Wzoazo6rz1Tec=",
          "requires": {
            "any-promise": "https://registry.npmjs.org/any-promise/-/any-promise-1.3.0.tgz"
          }
        }
      }
    },
    "koa-is-json": {
      "version": "https://registry.npmjs.org/koa-is-json/-/koa-is-json-1.0.0.tgz",
      "integrity": "sha1-JzwH7c3Ljfaiwat9We52SRRR7BQ="
    },
    "koa-passport": {
      "version": "https://registry.npmjs.org/koa-passport/-/koa-passport-4.0.0.tgz",
      "integrity": "sha1-BGSuSbYHue4ZMOvh0AYuqpaA/do=",
      "requires": {
        "passport": "https://registry.npmjs.org/passport/-/passport-0.4.0.tgz"
      }
    },
    "koa-session": {
      "version": "https://registry.npmjs.org/koa-session/-/koa-session-5.5.0.tgz",
      "integrity": "sha1-dD6l5erQojREeIyHdtZvZ08yWBU=",
      "requires": {
        "crc": "https://registry.npmjs.org/crc/-/crc-3.4.4.tgz",
        "debug": "https://registry.npmjs.org/debug/-/debug-2.6.8.tgz",
        "is-type-of": "https://registry.npmjs.org/is-type-of/-/is-type-of-1.2.0.tgz",
        "uid-safe": "https://registry.npmjs.org/uid-safe/-/uid-safe-2.1.5.tgz"
      }
    },
    "media-typer": {
      "version": "https://registry.npmjs.org/media-typer/-/media-typer-0.3.0.tgz",
      "integrity": "sha1-hxDXrwqmJvj/+hzgAWhUUmMlV0g="
    },
    "merge-descriptors": {
      "version": "https://registry.npmjs.org/merge-descriptors/-/merge-descriptors-1.0.1.tgz",
      "integrity": "sha1-sAqqVW3YtEVoFQ7J0blT8/kMu2E="
    },
    "methods": {
      "version": "https://registry.npmjs.org/methods/-/methods-1.1.2.tgz",
      "integrity": "sha1-VSmk1nZUE07cxSZmVoNbD4Ua/O4="
    },
    "mime": {
      "version": "https://registry.npmjs.org/mime/-/mime-1.3.4.tgz",
      "integrity": "sha1-EV+eO2s9rylZmDyzjxSaLUDrXVM="
    },
    "mime-db": {
      "version": "https://registry.npmjs.org/mime-db/-/mime-db-1.30.0.tgz",
      "integrity": "sha1-dMZD2i3Z1qRTmZY0ZbJtXKfXHwE="
    },
    "mime-types": {
      "version": "https://registry.npmjs.org/mime-types/-/mime-types-2.1.17.tgz",
      "integrity": "sha1-Cdejk/A+mVp5+K+Fe3Cp4KsWVXo=",
      "requires": {
        "mime-db": "https://registry.npmjs.org/mime-db/-/mime-db-1.30.0.tgz"
      }
    },
    "ms": {
      "version": "https://registry.npmjs.org/ms/-/ms-2.0.0.tgz",
      "integrity": "sha1-VgiurfwAvmwpAd9fmGF4jeDVl8g="
    },
    "negotiator": {
      "version": "https://registry.npmjs.org/negotiator/-/negotiator-0.6.1.tgz",
      "integrity": "sha1-KzJxhOiZIQEXeyhWP7XnECrNDKk="
    },
    "oauth": {
      "version": "https://registry.npmjs.org/oauth/-/oauth-0.9.15.tgz",
      "integrity": "sha1-vR/vr2hslrdUda7VGWQS/2DPucE="
    },
    "on-finished": {
      "version": "https://registry.npmjs.org/on-finished/-/on-finished-2.3.0.tgz",
      "integrity": "sha1-IPEzZIGwg811M3mSoWlxqi2QaUc=",
      "requires": {
        "ee-first": "https://registry.npmjs.org/ee-first/-/ee-first-1.1.1.tgz"
      }
    },
    "on-headers": {
      "version": "1.0.1",
      "resolved": "https://registry.npmjs.org/on-headers/-/on-headers-1.0.1.tgz",
      "integrity": "sha1-ko9dD0cNSTQmUepnlLCFfBAGk/c="
    },
    "only": {
      "version": "https://registry.npmjs.org/only/-/only-0.0.2.tgz",
      "integrity": "sha1-Kv3oTQPlC5qO3EROMGEKcCle37Q="
    },
    "parseurl": {
      "version": "https://registry.npmjs.org/parseurl/-/parseurl-1.3.1.tgz",
      "integrity": "sha1-yKuMkiO6NIiKpkopeyiFO+wY2lY="
    },
    "passport": {
      "version": "https://registry.npmjs.org/passport/-/passport-0.4.0.tgz",
      "integrity": "sha1-xQlWkTR71a07XhgCOMORTRbwWBE=",
      "requires": {
        "passport-strategy": "https://registry.npmjs.org/passport-strategy/-/passport-strategy-1.0.0.tgz",
        "pause": "https://registry.npmjs.org/pause/-/pause-0.0.1.tgz"
      }
    },
    "passport-local": {
      "version": "https://registry.npmjs.org/passport-local/-/passport-local-1.0.0.tgz",
      "integrity": "sha1-H+YyaMkudWBmJkN+O5BmYsFbpu4=",
      "requires": {
        "passport-strategy": "https://registry.npmjs.org/passport-strategy/-/passport-strategy-1.0.0.tgz"
      }
    },
    "passport-oauth2": {
      "version": "https://registry.npmjs.org/passport-oauth2/-/passport-oauth2-1.4.0.tgz",
      "integrity": "sha1-9i+BWDy+EmCb585vFguTlaJ7hq0=",
      "requires": {
        "oauth": "https://registry.npmjs.org/oauth/-/oauth-0.9.15.tgz",
        "passport-strategy": "https://registry.npmjs.org/passport-strategy/-/passport-strategy-1.0.0.tgz",
        "uid2": "https://registry.npmjs.org/uid2/-/uid2-0.0.3.tgz",
        "utils-merge": "https://registry.npmjs.org/utils-merge/-/utils-merge-1.0.0.tgz"
      }
    },
    "passport-oauth2-password-grant": {
      "version": "https://registry.npmjs.org/passport-oauth2-password-grant/-/passport-oauth2-password-grant-0.0.4.tgz",
      "integrity": "sha1-xpqY2ma/0IL3Dd+a40GBST6/r1Q=",
      "requires": {
        "oauth": "https://registry.npmjs.org/oauth/-/oauth-0.9.15.tgz",
        "passport-oauth2": "https://registry.npmjs.org/passport-oauth2/-/passport-oauth2-1.4.0.tgz",
        "passport-strategy": "https://registry.npmjs.org/passport-strategy/-/passport-strategy-1.0.0.tgz"
      }
    },
    "passport-strategy": {
      "version": "https://registry.npmjs.org/passport-strategy/-/passport-strategy-1.0.0.tgz",
      "integrity": "sha1-tVOaqPwiWj0a0XlHbd8ja0QPUuQ="
    },
    "path-to-regexp": {
      "version": "https://registry.npmjs.org/path-to-regexp/-/path-to-regexp-0.1.7.tgz",
      "integrity": "sha1-32BBeABfUi8V60SQ5yR6G/qmf4w="
    },
    "pause": {
      "version": "https://registry.npmjs.org/pause/-/pause-0.0.1.tgz",
      "integrity": "sha1-HUCLP9t2kjuVQ9lvtMnf1TXZy10="
    },
    "proxy-addr": {
      "version": "https://registry.npmjs.org/proxy-addr/-/proxy-addr-1.1.5.tgz",
      "integrity": "sha1-ccDuOxAt4/IC87ZPYI0XP8uhqRg=",
      "requires": {
        "forwarded": "https://registry.npmjs.org/forwarded/-/forwarded-0.1.0.tgz",
        "ipaddr.js": "https://registry.npmjs.org/ipaddr.js/-/ipaddr.js-1.4.0.tgz"
      }
    },
    "qs": {
      "version": "https://registry.npmjs.org/qs/-/qs-6.5.0.tgz",
      "integrity": "sha1-jQSVTTZN7z78VbWgeT4eLIsebkk="
    },
    "random-bytes": {
      "version": "https://registry.npmjs.org/random-bytes/-/random-bytes-1.0.0.tgz",
      "integrity": "sha1-T2ih3Arli9P7lYSMMDJNt11kNgs="
    },
    "range-parser": {
      "version": "https://registry.npmjs.org/range-parser/-/range-parser-1.2.0.tgz",
      "integrity": "sha1-9JvmtIeJTdxA3MlKMi9hEJLgDV4="
    },
    "raw-body": {
      "version": "https://registry.npmjs.org/raw-body/-/raw-body-2.3.2.tgz",
      "integrity": "sha1-vNYMd9Prk83gBQKVw/N5OJvIj4k=",
      "requires": {
        "bytes": "https://registry.npmjs.org/bytes/-/bytes-3.0.0.tgz",
        "http-errors": "https://registry.npmjs.org/http-errors/-/http-errors-1.6.2.tgz",
        "iconv-lite": "https://registry.npmjs.org/iconv-lite/-/iconv-lite-0.4.19.tgz",
        "unpipe": "https://registry.npmjs.org/unpipe/-/unpipe-1.0.0.tgz"
      }
    },
    "send": {
      "version": "https://registry.npmjs.org/send/-/send-0.15.4.tgz",
      "integrity": "sha1-mF+qPihLAnPHkzZKNcZze9k5Bbk=",
      "requires": {
        "debug": "https://registry.npmjs.org/debug/-/debug-2.6.8.tgz",
        "depd": "https://registry.npmjs.org/depd/-/depd-1.1.1.tgz",
        "destroy": "https://registry.npmjs.org/destroy/-/destroy-1.0.4.tgz",
        "encodeurl": "https://registry.npmjs.org/encodeurl/-/encodeurl-1.0.1.tgz",
        "escape-html": "https://registry.npmjs.org/escape-html/-/escape-html-1.0.3.tgz",
        "etag": "https://registry.npmjs.org/etag/-/etag-1.8.0.tgz",
        "fresh": "https://registry.npmjs.org/fresh/-/fresh-0.5.0.tgz",
        "http-errors": "https://registry.npmjs.org/http-errors/-/http-errors-1.6.2.tgz",
        "mime": "https://registry.npmjs.org/mime/-/mime-1.3.4.tgz",
        "ms": "https://registry.npmjs.org/ms/-/ms-2.0.0.tgz",
        "on-finished": "https://registry.npmjs.org/on-finished/-/on-finished-2.3.0.tgz",
        "range-parser": "https://registry.npmjs.org/range-parser/-/range-parser-1.2.0.tgz",
        "statuses": "https://registry.npmjs.org/statuses/-/statuses-1.3.1.tgz"
      }
    },
    "serve-static": {
      "version": "https://registry.npmjs.org/serve-static/-/serve-static-1.12.4.tgz",
      "integrity": "sha1-m2qpjutyU8Tu3Ewfb9vKYJkBqWE=",
      "requires": {
        "encodeurl": "https://registry.npmjs.org/encodeurl/-/encodeurl-1.0.1.tgz",
        "escape-html": "https://registry.npmjs.org/escape-html/-/escape-html-1.0.3.tgz",
        "parseurl": "https://registry.npmjs.org/parseurl/-/parseurl-1.3.1.tgz",
        "send": "https://registry.npmjs.org/send/-/send-0.15.4.tgz"
      }
    },
    "setprototypeof": {
      "version": "https://registry.npmjs.org/setprototypeof/-/setprototypeof-1.0.3.tgz",
      "integrity": "sha1-ZlZ+NwQ+608E2RvWWMDL77VbjgQ="
    },
    "statuses": {
      "version": "https://registry.npmjs.org/statuses/-/statuses-1.3.1.tgz",
      "integrity": "sha1-+vUbnrdKrvOzrPStX2Gr8ky3uT4="
    },
    "type-is": {
      "version": "https://registry.npmjs.org/type-is/-/type-is-1.6.15.tgz",
      "integrity": "sha1-yrEPtJCeRByChC6v4a1kbIGARBA=",
      "requires": {
        "media-typer": "https://registry.npmjs.org/media-typer/-/media-typer-0.3.0.tgz",
        "mime-types": "https://registry.npmjs.org/mime-types/-/mime-types-2.1.17.tgz"
      }
    },
    "uid-safe": {
      "version": "https://registry.npmjs.org/uid-safe/-/uid-safe-2.1.5.tgz",
      "integrity": "sha1-Kz1cckDo/C5Y+Komnl7knAhXvTo=",
      "requires": {
        "random-bytes": "https://registry.npmjs.org/random-bytes/-/random-bytes-1.0.0.tgz"
      }
    },
    "uid2": {
      "version": "https://registry.npmjs.org/uid2/-/uid2-0.0.3.tgz",
      "integrity": "sha1-SDEm4Rd03y9xuLY53NeZw3YWK4I="
    },
    "unpipe": {
      "version": "https://registry.npmjs.org/unpipe/-/unpipe-1.0.0.tgz",
      "integrity": "sha1-sr9O6FFKrmFltIF4KdIbLvSZBOw="
    },
    "utils-merge": {
      "version": "https://registry.npmjs.org/utils-merge/-/utils-merge-1.0.0.tgz",
      "integrity": "sha1-ApT7kiu5N1FTVBxPcJYjHyh8ivg="
    },
    "vary": {
      "version": "https://registry.npmjs.org/vary/-/vary-1.1.1.tgz",
      "integrity": "sha1-Z1Neu2lMHVIldFeYRmUyP1h+jTc="
    }
  }
}
